
Microsoft Visual Studio Solution File, Format Version 12.00
# Visual Studio Version 17
VisualStudioVersion = 17.8.34511.84
MinimumVisualStudioVersion = 10.0.40219.1
Project("{FAE04EC0-301F-11D3-BF4B-00C04F79EFBC}") = "WinFormsApp", "WinFormsApp\WinFormsApp.csproj", "{1ED95E52-7984-4C6A-8143-8CB16BEE3B34}"
EndProject
Global
	GlobalSection(SolutionConfigurationPlatforms) = preSolution
		Debug|Any CPU = Debug|Any CPU
		Release|Any CPU = Release|Any CPU
	EndGlobalSection
	GlobalSection(ProjectConfigurationPlatforms) = postSolution
		{1ED95E52-7984-4C6A-8143-8CB16BEE3B34}.Debug|Any CPU.ActiveCfg = Debug|Any CPU
		{1ED95E52-7984-4C6A-8143-8CB16BEE3B34}.Debug|Any CPU.Build.0 = Debug|Any CPU
		{1ED95E52-7984-4C6A-8143-8CB16BEE3B34}.Release|Any CPU.ActiveCfg = Release|Any CPU
		{1ED95E52-7984-4C6A-8143-8CB16BEE3B34}.Release|Any CPU.Build.0 = Release|Any CPU
	EndGlobalSection
	GlobalSection(SolutionProperties) = preSolution
		HideSolutionNode = FALSE
	EndGlobalSection
	GlobalSection(ExtensibilityGlobals) = postSolution
		SolutionGuid = {47B20172-1119-4F6E-ADE8-3D614D930BEE}
	EndGlobalSection
EndGlobal
